
Microsoft Visual Studio Solution File, Format Version 12.00
# Visual Studio Version 17
VisualStudioVersion = 17.14.36408.4
MinimumVisualStudioVersion = 10.0.40219.1
Project("{FAE04EC0-301F-11D3-BF4B-00C04F79EFBC}") = "Tasklyne", "TaskManager\Tasklyne.csproj", "{4E2B2094-DE55-43FD-AF74-37567946C031}"
EndProject
Global
	GlobalSection(SolutionConfigurationPlatforms) = preSolution
		Debug|Any CPU = Debug|Any CPU
		Release|Any CPU = Release|Any CPU
	EndGlobalSection
	GlobalSection(ProjectConfigurationPlatforms) = postSolution
		{4E2B2094-DE55-43FD-AF74-37567946C031}.Debug|Any CPU.ActiveCfg = Debug|Any CPU
		{4E2B2094-DE55-43FD-AF74-37567946C031}.Debug|Any CPU.Build.0 = Debug|Any CPU
		{4E2B2094-DE55-43FD-AF74-37567946C031}.Release|Any CPU.ActiveCfg = Release|Any CPU
		{4E2B2094-DE55-43FD-AF74-37567946C031}.Release|Any CPU.Build.0 = Release|Any CPU
	EndGlobalSection
	GlobalSection(SolutionProperties) = preSolution
		HideSolutionNode = FALSE
	EndGlobalSection
	GlobalSection(ExtensibilityGlobals) = postSolution
		SolutionGuid = {2F06A730-761E-40AE-B8BB-917DD6EA32DC}
	EndGlobalSection
EndGlobal
